
Microsoft Visual Studio Solution File, Format Version 11.00
# Visual Studio 2010
Project("{8BC9CEB8-8B4A-11D0-8D11-00A0C91BC942}") = "AnalogRead_val_to_VOLTS", "AnalogRead_val_to_VOLTS.vcxproj", "{57B6F39F-E509-4D4C-89D0-3AD1646E07CC}"
EndProject
Global
	GlobalSection(SolutionConfigurationPlatforms) = preSolution
		Debug|Win32 = Debug|Win32
		Release|Win32 = Release|Win32
	EndGlobalSection
	GlobalSection(ProjectConfigurationPlatforms) = postSolution
		{57B6F39F-E509-4D4C-89D0-3AD1646E07CC}.Debug|Win32.ActiveCfg = Debug|Win32
		{57B6F39F-E509-4D4C-89D0-3AD1646E07CC}.Debug|Win32.Build.0 = Debug|Win32
		{57B6F39F-E509-4D4C-89D0-3AD1646E07CC}.Release|Win32.ActiveCfg = Release|Win32
		{57B6F39F-E509-4D4C-89D0-3AD1646E07CC}.Release|Win32.Build.0 = Release|Win32
	EndGlobalSection
	GlobalSection(SolutionProperties) = preSolution
		HideSolutionNode = FALSE
	EndGlobalSection
EndGlobal
