
Microsoft Visual Studio Solution File, Format Version 11.00
# Visual Studio 2010
Project("{8BC9CEB8-8B4A-11D0-8D11-00A0C91BC942}") = "NXP8574AP", "NXP8574AP.vcxproj", "{75A2665E-208B-4F94-AF24-D15BB5760190}"
EndProject
Global
	GlobalSection(SolutionConfigurationPlatforms) = preSolution
		Debug|Win32 = Debug|Win32
		Release|Win32 = Release|Win32
	EndGlobalSection
	GlobalSection(ProjectConfigurationPlatforms) = postSolution
		{75A2665E-208B-4F94-AF24-D15BB5760190}.Debug|Win32.ActiveCfg = Debug|Win32
		{75A2665E-208B-4F94-AF24-D15BB5760190}.Debug|Win32.Build.0 = Debug|Win32
		{75A2665E-208B-4F94-AF24-D15BB5760190}.Release|Win32.ActiveCfg = Release|Win32
		{75A2665E-208B-4F94-AF24-D15BB5760190}.Release|Win32.Build.0 = Release|Win32
	EndGlobalSection
	GlobalSection(SolutionProperties) = preSolution
		HideSolutionNode = FALSE
	EndGlobalSection
EndGlobal
