
Microsoft Visual Studio Solution File, Format Version 11.00
# Visual Studio 2010
Project("{8BC9CEB8-8B4A-11D0-8D11-00A0C91BC942}") = "Arduino_Mega_RX", "Arduino_Mega_RX.vcxproj", "{A5D1EB65-2031-407A-8061-3E23FE8C3DD0}"
EndProject
Project("{8BC9CEB8-8B4A-11D0-8D11-00A0C91BC942}") = "Arduino_Uno_TX", "..\Arduino_Uno_TX\Arduino_Uno_TX.vcxproj", "{B5A2D199-E187-4B58-9D7B-475E5C85D95C}"
EndProject
Global
	GlobalSection(SolutionConfigurationPlatforms) = preSolution
		Debug|Win32 = Debug|Win32
		Release|Win32 = Release|Win32
	EndGlobalSection
	GlobalSection(ProjectConfigurationPlatforms) = postSolution
		{A5D1EB65-2031-407A-8061-3E23FE8C3DD0}.Debug|Win32.ActiveCfg = Debug|Win32
		{A5D1EB65-2031-407A-8061-3E23FE8C3DD0}.Debug|Win32.Build.0 = Debug|Win32
		{A5D1EB65-2031-407A-8061-3E23FE8C3DD0}.Release|Win32.ActiveCfg = Release|Win32
		{A5D1EB65-2031-407A-8061-3E23FE8C3DD0}.Release|Win32.Build.0 = Release|Win32
		{B5A2D199-E187-4B58-9D7B-475E5C85D95C}.Debug|Win32.ActiveCfg = Debug|Win32
		{B5A2D199-E187-4B58-9D7B-475E5C85D95C}.Debug|Win32.Build.0 = Debug|Win32
		{B5A2D199-E187-4B58-9D7B-475E5C85D95C}.Release|Win32.ActiveCfg = Release|Win32
		{B5A2D199-E187-4B58-9D7B-475E5C85D95C}.Release|Win32.Build.0 = Release|Win32
	EndGlobalSection
	GlobalSection(SolutionProperties) = preSolution
		HideSolutionNode = FALSE
	EndGlobalSection
EndGlobal
