
Microsoft Visual Studio Solution File, Format Version 11.00
# Visual Studio 2010
Project("{8BC9CEB8-8B4A-11D0-8D11-00A0C91BC942}") = "LCDDHT11", "LCDDHT11.vcxproj", "{C284C1F0-4C06-445B-AE5A-EBA01092282C}"
EndProject
Global
	GlobalSection(SolutionConfigurationPlatforms) = preSolution
		Debug|Win32 = Debug|Win32
		Release|Win32 = Release|Win32
	EndGlobalSection
	GlobalSection(ProjectConfigurationPlatforms) = postSolution
		{C284C1F0-4C06-445B-AE5A-EBA01092282C}.Debug|Win32.ActiveCfg = Debug|Win32
		{C284C1F0-4C06-445B-AE5A-EBA01092282C}.Debug|Win32.Build.0 = Debug|Win32
		{C284C1F0-4C06-445B-AE5A-EBA01092282C}.Release|Win32.ActiveCfg = Release|Win32
		{C284C1F0-4C06-445B-AE5A-EBA01092282C}.Release|Win32.Build.0 = Release|Win32
	EndGlobalSection
	GlobalSection(SolutionProperties) = preSolution
		HideSolutionNode = FALSE
	EndGlobalSection
EndGlobal
